
Microsoft Visual Studio Solution File, Format Version 12.00
# Visual Studio Version 16
VisualStudioVersion = 16.0.28922.388
MinimumVisualStudioVersion = 10.0.40219.1
Project("{FAE04EC0-301F-11D3-BF4B-00C04F79EFBC}") = "FindMaxValueTaishaunJ", "FindMaxValueTaishaunJ\FindMaxValueTaishaunJ.csproj", "{B0D60249-533D-4D53-B7C8-79959F037818}"
EndProject
Global
	GlobalSection(SolutionConfigurationPlatforms) = preSolution
		Debug|Any CPU = Debug|Any CPU
		Release|Any CPU = Release|Any CPU
	EndGlobalSection
	GlobalSection(ProjectConfigurationPlatforms) = postSolution
		{B0D60249-533D-4D53-B7C8-79959F037818}.Debug|Any CPU.ActiveCfg = Debug|Any CPU
		{B0D60249-533D-4D53-B7C8-79959F037818}.Debug|Any CPU.Build.0 = Debug|Any CPU
		{B0D60249-533D-4D53-B7C8-79959F037818}.Release|Any CPU.ActiveCfg = Release|Any CPU
		{B0D60249-533D-4D53-B7C8-79959F037818}.Release|Any CPU.Build.0 = Release|Any CPU
	EndGlobalSection
	GlobalSection(SolutionProperties) = preSolution
		HideSolutionNode = FALSE
	EndGlobalSection
	GlobalSection(ExtensibilityGlobals) = postSolution
		SolutionGuid = {27DA149E-0CE6-4574-8707-2F4F83430598}
	EndGlobalSection
EndGlobal
